Microsoft Visual Studio Solution File, Format Version 12.00
# Visual Studio Version 17
VisualStudioVersion = 17.8.34511.84
MinimumVisualStudioVersion = 10.0.40219.1
Project("{9A19103F-16F7-4668-BE54-9A1E7A4F7556}") = "Web", "OnlinePayment.Web\Web.csproj", "{8B0EA20E-5AEB-497D-8996-6A8C6610C3E6}"
EndProject
Project("{9A19103F-16F7-4668-BE54-9A1E7A4F7556}") = "Logic", "OnlinePayment.Logic\Logic.csproj", "{BC363396-F6CC-469E-90C5-11B228171049}"
EndProject
Project("{9A19103F-16F7-4668-BE54-9A1E7A4F7556}") = "Test", "OnlinePayment.Test\Test.csproj", "{D9B21A44-54F4-4C06-990A-A2BE2BE71C75}"
EndProject
Global
	GlobalSection(SolutionConfigurationPlatforms) = preSolution
		Debug|Any CPU = Debug|Any CPU
		Release|Any CPU = Release|Any CPU
	EndGlobalSection
	GlobalSection(ProjectConfigurationPlatforms) = postSolution
		{8B0EA20E-5AEB-497D-8996-6A8C6610C3E6}.Debug|Any CPU.ActiveCfg = Debug|Any CPU
		{8B0EA20E-5AEB-497D-8996-6A8C6610C3E6}.Debug|Any CPU.Build.0 = Debug|Any CPU
		{8B0EA20E-5AEB-497D-8996-6A8C6610C3E6}.Release|Any CPU.ActiveCfg = Release|Any CPU
		{8B0EA20E-5AEB-497D-8996-6A8C6610C3E6}.Release|Any CPU.Build.0 = Release|Any CPU
		{BC363396-F6CC-469E-90C5-11B228171049}.Debug|Any CPU.ActiveCfg = Debug|Any CPU
		{BC363396-F6CC-469E-90C5-11B228171049}.Debug|Any CPU.Build.0 = Debug|Any CPU
		{BC363396-F6CC-469E-90C5-11B228171049}.Release|Any CPU.ActiveCfg = Release|Any CPU
		{BC363396-F6CC-469E-90C5-11B228171049}.Release|Any CPU.Build.0 = Release|Any CPU
		{D9B21A44-54F4-4C06-990A-A2BE2BE71C75}.Debug|Any CPU.ActiveCfg = Debug|Any CPU
		{D9B21A44-54F4-4C06-990A-A2BE2BE71C75}.Debug|Any CPU.Build.0 = Debug|Any CPU
		{D9B21A44-54F4-4C06-990A-A2BE2BE71C75}.Release|Any CPU.ActiveCfg = Release|Any CPU
		{D9B21A44-54F4-4C06-990A-A2BE2BE71C75}.Release|Any CPU.Build.0 = Release|Any CPU
	EndGlobalSection
	GlobalSection(SolutionProperties) = preSolution
		HideSolutionNode = FALSE
	EndGlobalSection
EndGlobal
